
Microsoft Visual Studio Solution File, Format Version 12.00
# Visual Studio 15
VisualStudioVersion = 15.0.27130.2010
MinimumVisualStudioVersion = 10.0.40219.1
Project("{FAE04EC0-301F-11D3-BF4B-00C04F79EFBC}") = "AsyncMainTest", "AsyncMainTest\AsyncMainTest.csproj", "{56AAB6FE-FFE1-49E3-B5BA-D41866A8A0FB}"
EndProject
Global
	GlobalSection(SolutionConfigurationPlatforms) = preSolution
		Debug|Any CPU = Debug|Any CPU
		Release|Any CPU = Release|Any CPU
	EndGlobalSection
	GlobalSection(ProjectConfigurationPlatforms) = postSolution
		{56AAB6FE-FFE1-49E3-B5BA-D41866A8A0FB}.Debug|Any CPU.ActiveCfg = Debug|Any CPU
		{56AAB6FE-FFE1-49E3-B5BA-D41866A8A0FB}.Debug|Any CPU.Build.0 = Debug|Any CPU
		{56AAB6FE-FFE1-49E3-B5BA-D41866A8A0FB}.Release|Any CPU.ActiveCfg = Release|Any CPU
		{56AAB6FE-FFE1-49E3-B5BA-D41866A8A0FB}.Release|Any CPU.Build.0 = Release|Any CPU
	EndGlobalSection
	GlobalSection(SolutionProperties) = preSolution
		HideSolutionNode = FALSE
	EndGlobalSection
	GlobalSection(ExtensibilityGlobals) = postSolution
		SolutionGuid = {F5676938-A2A8-4247-84F7-6C8387E131FE}
	EndGlobalSection
EndGlobal
